
Microsoft Visual Studio Solution File, Format Version 12.00
# Visual Studio Version 17
VisualStudioVersion = 17.0.31903.59
MinimumVisualStudioVersion = 10.0.40219.1
Project("{2150E333-8FDC-42A3-9474-1A3956D46DE8}") = "src", "src", "{827E0CD3-B72D-47B6-A68D-7590B98EB39B}"
EndProject
Project("{FAE04EC0-301F-11D3-BF4B-00C04F79EFBC}") = "Domain", "src\Domain\Domain.csproj", "{678EBB8A-95C6-442C-8D4A-0B5382965043}"
EndProject
Project("{FAE04EC0-301F-11D3-BF4B-00C04F79EFBC}") = "Application", "src\Application\Application.csproj", "{8F3DE767-4FB9-44D6-BD78-13DF5AC8542E}"
EndProject
Project("{FAE04EC0-301F-11D3-BF4B-00C04F79EFBC}") = "Infrastructure", "src\Infrastructure\Infrastructure.csproj", "{F258273D-8A4C-4B61-B1A5-2A4BCB8092D6}"
EndProject
Project("{FAE04EC0-301F-11D3-BF4B-00C04F79EFBC}") = "API", "src\API\API.csproj", "{420B5055-81D8-4867-A2B7-F840E2093796}"
EndProject
Project("{FAE04EC0-301F-11D3-BF4B-00C04F79EFBC}") = "Application.Tests", "tests\Application.Tests\Application.Tests.csproj", "{5F5E4B1B-3DEE-407A-8B2E-948BD0BC0040}"
EndProject
Project("{FAE04EC0-301F-11D3-BF4B-00C04F79EFBC}") = "Infrastructure.Tests", "tests\Infrastructure.Tests\Infrastructure.Tests.csproj", "{5EEC65D9-707B-485C-B6C5-30D93575071D}"
EndProject
Project("{FAE04EC0-301F-11D3-BF4B-00C04F79EFBC}") = "API.Tests", "tests\API.Tests\API.Tests.csproj", "{5533659E-CE10-4E0C-AA36-367AA69FACDB}"
EndProject
Global
	GlobalSection(SolutionConfigurationPlatforms) = preSolution
		Debug|Any CPU = Debug|Any CPU
		Debug|x64 = Debug|x64
		Debug|x86 = Debug|x86
		Release|Any CPU = Release|Any CPU
		Release|x64 = Release|x64
		Release|x86 = Release|x86
	EndGlobalSection
	GlobalSection(ProjectConfigurationPlatforms) = postSolution
		{678EBB8A-95C6-442C-8D4A-0B5382965043}.Debug|Any CPU.ActiveCfg = Debug|Any CPU
		{678EBB8A-95C6-442C-8D4A-0B5382965043}.Debug|Any CPU.Build.0 = Debug|Any CPU
		{678EBB8A-95C6-442C-8D4A-0B5382965043}.Debug|x64.ActiveCfg = Debug|Any CPU
		{678EBB8A-95C6-442C-8D4A-0B5382965043}.Debug|x64.Build.0 = Debug|Any CPU
		{678EBB8A-95C6-442C-8D4A-0B5382965043}.Debug|x86.ActiveCfg = Debug|Any CPU
		{678EBB8A-95C6-442C-8D4A-0B5382965043}.Debug|x86.Build.0 = Debug|Any CPU
		{678EBB8A-95C6-442C-8D4A-0B5382965043}.Release|Any CPU.ActiveCfg = Release|Any CPU
		{678EBB8A-95C6-442C-8D4A-0B5382965043}.Release|Any CPU.Build.0 = Release|Any CPU
		{678EBB8A-95C6-442C-8D4A-0B5382965043}.Release|x64.ActiveCfg = Release|Any CPU
		{678EBB8A-95C6-442C-8D4A-0B5382965043}.Release|x64.Build.0 = Release|Any CPU
		{678EBB8A-95C6-442C-8D4A-0B5382965043}.Release|x86.ActiveCfg = Release|Any CPU
		{678EBB8A-95C6-442C-8D4A-0B5382965043}.Release|x86.Build.0 = Release|Any CPU
		{8F3DE767-4FB9-44D6-BD78-13DF5AC8542E}.Debug|Any CPU.ActiveCfg = Debug|Any CPU
		{8F3DE767-4FB9-44D6-BD78-13DF5AC8542E}.Debug|Any CPU.Build.0 = Debug|Any CPU
		{8F3DE767-4FB9-44D6-BD78-13DF5AC8542E}.Debug|x64.ActiveCfg = Debug|Any CPU
		{8F3DE767-4FB9-44D6-BD78-13DF5AC8542E}.Debug|x64.Build.0 = Debug|Any CPU
		{8F3DE767-4FB9-44D6-BD78-13DF5AC8542E}.Debug|x86.ActiveCfg = Debug|Any CPU
		{8F3DE767-4FB9-44D6-BD78-13DF5AC8542E}.Debug|x86.Build.0 = Debug|Any CPU
		{8F3DE767-4FB9-44D6-BD78-13DF5AC8542E}.Release|Any CPU.ActiveCfg = Release|Any CPU
		{8F3DE767-4FB9-44D6-BD78-13DF5AC8542E}.Release|Any CPU.Build.0 = Release|Any CPU
		{8F3DE767-4FB9-44D6-BD78-13DF5AC8542E}.Release|x64.ActiveCfg = Release|Any CPU
		{8F3DE767-4FB9-44D6-BD78-13DF5AC8542E}.Release|x64.Build.0 = Release|Any CPU
		{8F3DE767-4FB9-44D6-BD78-13DF5AC8542E}.Release|x86.ActiveCfg = Release|Any CPU
		{8F3DE767-4FB9-44D6-BD78-13DF5AC8542E}.Release|x86.Build.0 = Release|Any CPU
		{F258273D-8A4C-4B61-B1A5-2A4BCB8092D6}.Debug|Any CPU.ActiveCfg = Debug|Any CPU
		{F258273D-8A4C-4B61-B1A5-2A4BCB8092D6}.Debug|Any CPU.Build.0 = Debug|Any CPU
		{F258273D-8A4C-4B61-B1A5-2A4BCB8092D6}.Debug|x64.ActiveCfg = Debug|Any CPU
		{F258273D-8A4C-4B61-B1A5-2A4BCB8092D6}.Debug|x64.Build.0 = Debug|Any CPU
		{F258273D-8A4C-4B61-B1A5-2A4BCB8092D6}.Debug|x86.ActiveCfg = Debug|Any CPU
		{F258273D-8A4C-4B61-B1A5-2A4BCB8092D6}.Debug|x86.Build.0 = Debug|Any CPU
		{F258273D-8A4C-4B61-B1A5-2A4BCB8092D6}.Release|Any CPU.ActiveCfg = Release|Any CPU
		{F258273D-8A4C-4B61-B1A5-2A4BCB8092D6}.Release|Any CPU.Build.0 = Release|Any CPU
		{F258273D-8A4C-4B61-B1A5-2A4BCB8092D6}.Release|x64.ActiveCfg = Release|Any CPU
		{F258273D-8A4C-4B61-B1A5-2A4BCB8092D6}.Release|x64.Build.0 = Release|Any CPU
		{F258273D-8A4C-4B61-B1A5-2A4BCB8092D6}.Release|x86.ActiveCfg = Release|Any CPU
		{F258273D-8A4C-4B61-B1A5-2A4BCB8092D6}.Release|x86.Build.0 = Release|Any CPU
		{420B5055-81D8-4867-A2B7-F840E2093796}.Debug|Any CPU.ActiveCfg = Debug|Any CPU
		{420B5055-81D8-4867-A2B7-F840E2093796}.Debug|Any CPU.Build.0 = Debug|Any CPU
		{420B5055-81D8-4867-A2B7-F840E2093796}.Debug|x64.ActiveCfg = Debug|Any CPU
		{420B5055-81D8-4867-A2B7-F840E2093796}.Debug|x64.Build.0 = Debug|Any CPU
		{420B5055-81D8-4867-A2B7-F840E2093796}.Debug|x86.ActiveCfg = Debug|Any CPU
		{420B5055-81D8-4867-A2B7-F840E2093796}.Debug|x86.Build.0 = Debug|Any CPU
		{420B5055-81D8-4867-A2B7-F840E2093796}.Release|Any CPU.ActiveCfg = Release|Any CPU
		{420B5055-81D8-4867-A2B7-F840E2093796}.Release|Any CPU.Build.0 = Release|Any CPU
		{420B5055-81D8-4867-A2B7-F840E2093796}.Release|x64.ActiveCfg = Release|Any CPU
		{420B5055-81D8-4867-A2B7-F840E2093796}.Release|x64.Build.0 = Release|Any CPU
		{420B5055-81D8-4867-A2B7-F840E2093796}.Release|x86.ActiveCfg = Release|Any CPU
		{420B5055-81D8-4867-A2B7-F840E2093796}.Release|x86.Build.0 = Release|Any CPU
		{5F5E4B1B-3DEE-407A-8B2E-948BD0BC0040}.Debug|Any CPU.ActiveCfg = Debug|Any CPU
		{5F5E4B1B-3DEE-407A-8B2E-948BD0BC0040}.Debug|Any CPU.Build.0 = Debug|Any CPU
		{5F5E4B1B-3DEE-407A-8B2E-948BD0BC0040}.Debug|x64.ActiveCfg = Debug|Any CPU
		{5F5E4B1B-3DEE-407A-8B2E-948BD0BC0040}.Debug|x64.Build.0 = Debug|Any CPU
		{5F5E4B1B-3DEE-407A-8B2E-948BD0BC0040}.Debug|x86.ActiveCfg = Debug|Any CPU
		{5F5E4B1B-3DEE-407A-8B2E-948BD0BC0040}.Debug|x86.Build.0 = Debug|Any CPU
		{5F5E4B1B-3DEE-407A-8B2E-948BD0BC0040}.Release|Any CPU.ActiveCfg = Release|Any CPU
		{5F5E4B1B-3DEE-407A-8B2E-948BD0BC0040}.Release|Any CPU.Build.0 = Release|Any CPU
		{5F5E4B1B-3DEE-407A-8B2E-948BD0BC0040}.Release|x64.ActiveCfg = Release|Any CPU
		{5F5E4B1B-3DEE-407A-8B2E-948BD0BC0040}.Release|x64.Build.0 = Release|Any CPU
		{5F5E4B1B-3DEE-407A-8B2E-948BD0BC0040}.Release|x86.ActiveCfg = Release|Any CPU
		{5F5E4B1B-3DEE-407A-8B2E-948BD0BC0040}.Release|x86.Build.0 = Release|Any CPU
		{5EEC65D9-707B-485C-B6C5-30D93575071D}.Debug|Any CPU.ActiveCfg = Debug|Any CPU
		{5EEC65D9-707B-485C-B6C5-30D93575071D}.Debug|Any CPU.Build.0 = Debug|Any CPU
		{5EEC65D9-707B-485C-B6C5-30D93575071D}.Debug|x64.ActiveCfg = Debug|Any CPU
		{5EEC65D9-707B-485C-B6C5-30D93575071D}.Debug|x64.Build.0 = Debug|Any CPU
		{5EEC65D9-707B-485C-B6C5-30D93575071D}.Debug|x86.ActiveCfg = Debug|Any CPU
		{5EEC65D9-707B-485C-B6C5-30D93575071D}.Debug|x86.Build.0 = Debug|Any CPU
		{5EEC65D9-707B-485C-B6C5-30D93575071D}.Release|Any CPU.ActiveCfg = Release|Any CPU
		{5EEC65D9-707B-485C-B6C5-30D93575071D}.Release|Any CPU.Build.0 = Release|Any CPU
		{5EEC65D9-707B-485C-B6C5-30D93575071D}.Release|x64.ActiveCfg = Release|Any CPU
		{5EEC65D9-707B-485C-B6C5-30D93575071D}.Release|x64.Build.0 = Release|Any CPU
		{5EEC65D9-707B-485C-B6C5-30D93575071D}.Release|x86.ActiveCfg = Release|Any CPU
		{5EEC65D9-707B-485C-B6C5-30D93575071D}.Release|x86.Build.0 = Release|Any CPU
		{5533659E-CE10-4E0C-AA36-367AA69FACDB}.Debug|Any CPU.ActiveCfg = Debug|Any CPU
		{5533659E-CE10-4E0C-AA36-367AA69FACDB}.Debug|Any CPU.Build.0 = Debug|Any CPU
		{5533659E-CE10-4E0C-AA36-367AA69FACDB}.Debug|x64.ActiveCfg = Debug|Any CPU
		{5533659E-CE10-4E0C-AA36-367AA69FACDB}.Debug|x64.Build.0 = Debug|Any CPU
		{5533659E-CE10-4E0C-AA36-367AA69FACDB}.Debug|x86.ActiveCfg = Debug|Any CPU
		{5533659E-CE10-4E0C-AA36-367AA69FACDB}.Debug|x86.Build.0 = Debug|Any CPU
		{5533659E-CE10-4E0C-AA36-367AA69FACDB}.Release|Any CPU.ActiveCfg = Release|Any CPU
		{5533659E-CE10-4E0C-AA36-367AA69FACDB}.Release|Any CPU.Build.0 = Release|Any CPU
		{5533659E-CE10-4E0C-AA36-367AA69FACDB}.Release|x64.ActiveCfg = Release|Any CPU
		{5533659E-CE10-4E0C-AA36-367AA69FACDB}.Release|x64.Build.0 = Release|Any CPU
		{5533659E-CE10-4E0C-AA36-367AA69FACDB}.Release|x86.ActiveCfg = Release|Any CPU
		{5533659E-CE10-4E0C-AA36-367AA69FACDB}.Release|x86.Build.0 = Release|Any CPU
	EndGlobalSection
	GlobalSection(SolutionProperties) = preSolution
		HideSolutionNode = FALSE
	EndGlobalSection
	GlobalSection(NestedProjects) = preSolution
		{678EBB8A-95C6-442C-8D4A-0B5382965043} = {827E0CD3-B72D-47B6-A68D-7590B98EB39B}
		{8F3DE767-4FB9-44D6-BD78-13DF5AC8542E} = {827E0CD3-B72D-47B6-A68D-7590B98EB39B}
		{F258273D-8A4C-4B61-B1A5-2A4BCB8092D6} = {827E0CD3-B72D-47B6-A68D-7590B98EB39B}
		{420B5055-81D8-4867-A2B7-F840E2093796} = {827E0CD3-B72D-47B6-A68D-7590B98EB39B}
		{5F5E4B1B-3DEE-407A-8B2E-948BD0BC0040} = {827E0CD3-B72D-47B6-A68D-7590B98EB39B}
		{5EEC65D9-707B-485C-B6C5-30D93575071D} = {827E0CD3-B72D-47B6-A68D-7590B98EB39B}
		{5533659E-CE10-4E0C-AA36-367AA69FACDB} = {827E0CD3-B72D-47B6-A68D-7590B98EB39B}
	EndGlobalSection
EndGlobal
